// !$*UTF8*$!
{
	archiveVersion = 1;
	classes = {
	};
	objectVersion = 56;
	objects = {

/* Begin PBXBuildFile section */
		E8A999D113EE5082B383FD16 /* TsugiIchiApp.swift in Sources */ = {isa = PBXBuildFile; fileRef = B45269DBAF855F77B370FA9F /* TsugiIchiApp.swift */; };
		E649D7A58CF05BEEA23952CB /* ContentView.swift in Sources */ = {isa = PBXBuildFile; fileRef = DF5591825E88547D96BDA0BD /* ContentView.swift */; };
		C6DD360D988859EEA8484941 /* Assets.xcassets in Resources */ = {isa = PBXBuildFile; fileRef = F2544218D65751BFB0CFCAEA /* Assets.xcassets */; };
		254D3E6A1349539F8E093866 /* Goal.swift in Sources */ = {isa = PBXBuildFile; fileRef = 859A253C696A555E8C53944D /* Goal.swift */; };
		2F45D7D703115D1695171A86 /* Step.swift in Sources */ = {isa = PBXBuildFile; fileRef = 137A1BCEF2D35F97802D0063 /* Step.swift */; };
		F09357D3125B5DE38C13D761 /* PlanSlot.swift in Sources */ = {isa = PBXBuildFile; fileRef = B0E69C6E7C6F566F8B15B3DD /* PlanSlot.swift */; };
		79ECA76EDDBF5E37A332EC1B /* ReviewLog.swift in Sources */ = {isa = PBXBuildFile; fileRef = 0A3AE1F7819A5A1A85FF8941 /* ReviewLog.swift */; };
		539A3C06E77C597E8C3BA38E /* BacklogTab.swift in Sources */ = {isa = PBXBuildFile; fileRef = 974F922B063550B9A66C3550 /* BacklogTab.swift */; };
		020770EC578F5E3B9286FCE8 /* GoalFormSheet.swift in Sources */ = {isa = PBXBuildFile; fileRef = 17D9FE9960135642B32CC08B /* GoalFormSheet.swift */; };
		EBAF841935CC509FB26E6083 /* GoalDetailView.swift in Sources */ = {isa = PBXBuildFile; fileRef = 61EAF23CB3AB5C7EB86B7176 /* GoalDetailView.swift */; };
		4AA89418755F540A8D57ACBD /* PlanTab.swift in Sources */ = {isa = PBXBuildFile; fileRef = 9F132BA4CA435A019E980C80 /* PlanTab.swift */; };
		EF069562F8B754BA8C3BCF6F /* ReviewTab.swift in Sources */ = {isa = PBXBuildFile; fileRef = 3E30C721C92555F38FD33974 /* ReviewTab.swift */; };
		042A4299B36C51778C47E62B /* SettingsTab.swift in Sources */ = {isa = PBXBuildFile; fileRef = 6056B073C5CB5BBABE7DC695 /* SettingsTab.swift */; };
		C977D00BBFAF5E189593DACC /* TemplateEngine.swift in Sources */ = {isa = PBXBuildFile; fileRef = 264E92D5005F5D4C8152606B /* TemplateEngine.swift */; };
		619CE24778765C44BC063695 /* NotificationManager.swift in Sources */ = {isa = PBXBuildFile; fileRef = 4A0E2751D49B55FD94A3D275 /* NotificationManager.swift */; };
		06AC1B5E03E55801B7A83C3A /* CSVExporter.swift in Sources */ = {isa = PBXBuildFile; fileRef = B77D3A937BA85313AA6AE0AB /* CSVExporter.swift */; };
		8D6F76971A3E5160BA2682C7 /* DateHelper.swift in Sources */ = {isa = PBXBuildFile; fileRef = D47B0EDEE3175ED1AEFB10AE /* DateHelper.swift */; };
		5437A5853D9D52F08B839CD2 /* Constants.swift in Sources */ = {isa = PBXBuildFile; fileRef = D5717457275C5239BF1D81EF /* Constants.swift */; };
		3012AD4A8CAF590A842072C1 /* EmptyStateView.swift in Sources */ = {isa = PBXBuildFile; fileRef = FB8F3D6B29F55878B31C606D /* EmptyStateView.swift */; };
		529C9F4049665AC9BC3D2821 /* OnboardingView.swift in Sources */ = {isa = PBXBuildFile; fileRef = E4C08B6FC5995EE4AD0F6ED3 /* OnboardingView.swift */; };
		B16068CDE0685519A7E59BDB /* AIModels.swift in Sources */ = {isa = PBXBuildFile; fileRef = 865488F2CA6E5AB58430178D /* AIModels.swift */; };
		1AA96E9E45235F228303B9A4 /* AIService.swift in Sources */ = {isa = PBXBuildFile; fileRef = B595347BDD5F58A48BA0DDC0 /* AIService.swift */; };
		E1BD4BFA0061587BBA4CE8EB /* Redactor.swift in Sources */ = {isa = PBXBuildFile; fileRef = 2C91C19BF2295CA481D0CEA6 /* Redactor.swift */; };
		6D3D94C691775E6C8A0492F9 /* AIConsentView.swift in Sources */ = {isa = PBXBuildFile; fileRef = 82ED74FBE23E54E1AB7C9F99 /* AIConsentView.swift */; };
		DAC9D859E2A9559DB12DBDF0 /* AIStepSheet.swift in Sources */ = {isa = PBXBuildFile; fileRef = 27B03DA85C525A0FB3B222E6 /* AIStepSheet.swift */; };
		FE9F67980E4950A69A3E7844 /* BillingManager.swift in Sources */ = {isa = PBXBuildFile; fileRef = 26ECCC1058A152A7A68BFFBD /* BillingManager.swift */; };
		AEE55189B34E5A6FA894AE8A /* EntitlementStore.swift in Sources */ = {isa = PBXBuildFile; fileRef = C629976CDB3F5063BC38A7E8 /* EntitlementStore.swift */; };
		7018FAF9EADB5B61A834DD2D /* CreditsStore.swift in Sources */ = {isa = PBXBuildFile; fileRef = 4408D9BE01285A6B93271FC4 /* CreditsStore.swift */; };
		CA773EE9F11F509FAB5FF90F /* ClientId.swift in Sources */ = {isa = PBXBuildFile; fileRef = 1564DBE9558B5C5A8911336D /* ClientId.swift */; };
		C5B893AFBC6B50B59F0871B5 /* PaywallView.swift in Sources */ = {isa = PBXBuildFile; fileRef = B55B138D76D95CEA99F876F2 /* PaywallView.swift */; };
		D98DB7EF92E7519D996B29AC /* CalendarService.swift in Sources */ = {isa = PBXBuildFile; fileRef = 600BF6E0B62F5CA5871E98E1 /* CalendarService.swift */; };
		33BBA98D75ED5430A75F4890 /* SubscriptionManager.swift in Sources */ = {isa = PBXBuildFile; fileRef = C6132823D3985273826AE748 /* SubscriptionManager.swift */; };
		DD53EF76402353E299C64529 /* Localizable.xcstrings in Resources */ = {isa = PBXBuildFile; fileRef = 7594481928345897843B10D8 /* Localizable.xcstrings */; };
		086CAA2B6F545B949679E1EE /* DashboardTab.swift in Sources */ = {isa = PBXBuildFile; fileRef = DAD1461BACD05BFC8F0E3D6B /* DashboardTab.swift */; };
		9D8C02EE60A4506DB681D1BA /* GoalShareSheet.swift in Sources */ = {isa = PBXBuildFile; fileRef = EAA5C7C41C72577B801A14EB /* GoalShareSheet.swift */; };
		863C683B1397596180DF106F /* WidgetDataProvider.swift in Sources */ = {isa = PBXBuildFile; fileRef = B59AE7B97DA15F3295D36BC7 /* WidgetDataProvider.swift */; };
		D51A5EDD3CFE593AA4A33CBA /* ModelTests.swift in Sources */ = {isa = PBXBuildFile; fileRef = E3C8FCB8EC2B5E709ACD8E54 /* ModelTests.swift */; };
		4D7427777CA25DE8AA0B0AEF /* TemplateEngineTests.swift in Sources */ = {isa = PBXBuildFile; fileRef = A6008C347D80505980DB8174 /* TemplateEngineTests.swift */; };
		2761F5B8F7E850938CC0B276 /* DateHelperTests.swift in Sources */ = {isa = PBXBuildFile; fileRef = 533E02662A195F7293225DA9 /* DateHelperTests.swift */; };
		W1D1A1B1C1D1E1F101112131 /* TsugiIchiWidget.swift in Sources */ = {isa = PBXBuildFile; fileRef = W2D2A2B2C2D2E2F202122232 /* TsugiIchiWidget.swift */; };
		W3D3A3B3C3D3E3F303132333 /* TsugiIchiWidgetExtension.appex in Embed App Extensions */ = {isa = PBXBuildFile; fileRef = W4D4A4B4C4D4E4F404142434 /* TsugiIchiWidgetExtension.appex */; settings = {ATTRIBUTES = (RemoveHeadersOnCopy, ); }; };
/* End PBXBuildFile section */

/* Begin PBXContainerItemProxy section */
		F9AEC51AFC0E59CAB60EBA83 /* PBXContainerItemProxy */ = {
			isa = PBXContainerItemProxy;
			containerPortal = 30C3DAC6571F5D478AF3B7EF /* Project object */;
			proxyType = 1;
			remoteGlobalIDString = ED8C2EAAFCDC53CB870DBD69;
			remoteInfo = TsugiIchi;
		};
		W5D5A5B5C5D5E5F505152535 /* PBXContainerItemProxy */ = {
			isa = PBXContainerItemProxy;
			containerPortal = 30C3DAC6571F5D478AF3B7EF /* Project object */;
			proxyType = 1;
			remoteGlobalIDString = W6D6A6B6C6D6E6F606162636;
			remoteInfo = TsugiIchiWidgetExtension;
		};
/* End PBXContainerItemProxy section */

/* Begin PBXFileReference section */
		B45269DBAF855F77B370FA9F /* TsugiIchiApp.swift */ = {isa = PBXFileReference; lastKnownFileType = sourcecode.swift; path = TsugiIchiApp.swift; sourceTree = "<group>"; };
		DF5591825E88547D96BDA0BD /* ContentView.swift */ = {isa = PBXFileReference; lastKnownFileType = sourcecode.swift; path = ContentView.swift; sourceTree = "<group>"; };
		F2544218D65751BFB0CFCAEA /* Assets.xcassets */ = {isa = PBXFileReference; lastKnownFileType = folder.assetcatalog; path = Assets.xcassets; sourceTree = "<group>"; };
		ED2355BC68B75BC688B8F8BA /* Preview Assets.xcassets */ = {isa = PBXFileReference; lastKnownFileType = folder.assetcatalog; path = "Preview Assets.xcassets"; sourceTree = "<group>"; };
		859A253C696A555E8C53944D /* Goal.swift */ = {isa = PBXFileReference; lastKnownFileType = sourcecode.swift; path = Goal.swift; sourceTree = "<group>"; };
		137A1BCEF2D35F97802D0063 /* Step.swift */ = {isa = PBXFileReference; lastKnownFileType = sourcecode.swift; path = Step.swift; sourceTree = "<group>"; };
		B0E69C6E7C6F566F8B15B3DD /* PlanSlot.swift */ = {isa = PBXFileReference; lastKnownFileType = sourcecode.swift; path = PlanSlot.swift; sourceTree = "<group>"; };
		0A3AE1F7819A5A1A85FF8941 /* ReviewLog.swift */ = {isa = PBXFileReference; lastKnownFileType = sourcecode.swift; path = ReviewLog.swift; sourceTree = "<group>"; };
		974F922B063550B9A66C3550 /* BacklogTab.swift */ = {isa = PBXFileReference; lastKnownFileType = sourcecode.swift; path = BacklogTab.swift; sourceTree = "<group>"; };
		17D9FE9960135642B32CC08B /* GoalFormSheet.swift */ = {isa = PBXFileReference; lastKnownFileType = sourcecode.swift; path = GoalFormSheet.swift; sourceTree = "<group>"; };
		61EAF23CB3AB5C7EB86B7176 /* GoalDetailView.swift */ = {isa = PBXFileReference; lastKnownFileType = sourcecode.swift; path = GoalDetailView.swift; sourceTree = "<group>"; };
		9F132BA4CA435A019E980C80 /* PlanTab.swift */ = {isa = PBXFileReference; lastKnownFileType = sourcecode.swift; path = PlanTab.swift; sourceTree = "<group>"; };
		3E30C721C92555F38FD33974 /* ReviewTab.swift */ = {isa = PBXFileReference; lastKnownFileType = sourcecode.swift; path = ReviewTab.swift; sourceTree = "<group>"; };
		6056B073C5CB5BBABE7DC695 /* SettingsTab.swift */ = {isa = PBXFileReference; lastKnownFileType = sourcecode.swift; path = SettingsTab.swift; sourceTree = "<group>"; };
		264E92D5005F5D4C8152606B /* TemplateEngine.swift */ = {isa = PBXFileReference; lastKnownFileType = sourcecode.swift; path = TemplateEngine.swift; sourceTree = "<group>"; };
		4A0E2751D49B55FD94A3D275 /* NotificationManager.swift */ = {isa = PBXFileReference; lastKnownFileType = sourcecode.swift; path = NotificationManager.swift; sourceTree = "<group>"; };
		B77D3A937BA85313AA6AE0AB /* CSVExporter.swift */ = {isa = PBXFileReference; lastKnownFileType = sourcecode.swift; path = CSVExporter.swift; sourceTree = "<group>"; };
		E4C08B6FC5995EE4AD0F6ED3 /* OnboardingView.swift */ = {isa = PBXFileReference; lastKnownFileType = sourcecode.swift; path = OnboardingView.swift; sourceTree = "<group>"; };
		865488F2CA6E5AB58430178D /* AIModels.swift */ = {isa = PBXFileReference; lastKnownFileType = sourcecode.swift; path = AIModels.swift; sourceTree = "<group>"; };
		B595347BDD5F58A48BA0DDC0 /* AIService.swift */ = {isa = PBXFileReference; lastKnownFileType = sourcecode.swift; path = AIService.swift; sourceTree = "<group>"; };
		2C91C19BF2295CA481D0CEA6 /* Redactor.swift */ = {isa = PBXFileReference; lastKnownFileType = sourcecode.swift; path = Redactor.swift; sourceTree = "<group>"; };
		82ED74FBE23E54E1AB7C9F99 /* AIConsentView.swift */ = {isa = PBXFileReference; lastKnownFileType = sourcecode.swift; path = AIConsentView.swift; sourceTree = "<group>"; };
		27B03DA85C525A0FB3B222E6 /* AIStepSheet.swift */ = {isa = PBXFileReference; lastKnownFileType = sourcecode.swift; path = AIStepSheet.swift; sourceTree = "<group>"; };
		26ECCC1058A152A7A68BFFBD /* BillingManager.swift */ = {isa = PBXFileReference; lastKnownFileType = sourcecode.swift; path = BillingManager.swift; sourceTree = "<group>"; };
		C629976CDB3F5063BC38A7E8 /* EntitlementStore.swift */ = {isa = PBXFileReference; lastKnownFileType = sourcecode.swift; path = EntitlementStore.swift; sourceTree = "<group>"; };
		4408D9BE01285A6B93271FC4 /* CreditsStore.swift */ = {isa = PBXFileReference; lastKnownFileType = sourcecode.swift; path = CreditsStore.swift; sourceTree = "<group>"; };
		1564DBE9558B5C5A8911336D /* ClientId.swift */ = {isa = PBXFileReference; lastKnownFileType = sourcecode.swift; path = ClientId.swift; sourceTree = "<group>"; };
		B55B138D76D95CEA99F876F2 /* PaywallView.swift */ = {isa = PBXFileReference; lastKnownFileType = sourcecode.swift; path = PaywallView.swift; sourceTree = "<group>"; };
		600BF6E0B62F5CA5871E98E1 /* CalendarService.swift */ = {isa = PBXFileReference; lastKnownFileType = sourcecode.swift; path = CalendarService.swift; sourceTree = "<group>"; };
		C6132823D3985273826AE748 /* SubscriptionManager.swift */ = {isa = PBXFileReference; lastKnownFileType = sourcecode.swift; path = SubscriptionManager.swift; sourceTree = "<group>"; };
		7594481928345897843B10D8 /* Localizable.xcstrings */ = {isa = PBXFileReference; lastKnownFileType = text.json.xcstrings; path = Localizable.xcstrings; sourceTree = "<group>"; };
		DAD1461BACD05BFC8F0E3D6B /* DashboardTab.swift */ = {isa = PBXFileReference; lastKnownFileType = sourcecode.swift; path = DashboardTab.swift; sourceTree = "<group>"; };
		EAA5C7C41C72577B801A14EB /* GoalShareSheet.swift */ = {isa = PBXFileReference; lastKnownFileType = sourcecode.swift; path = GoalShareSheet.swift; sourceTree = "<group>"; };
		B59AE7B97DA15F3295D36BC7 /* WidgetDataProvider.swift */ = {isa = PBXFileReference; lastKnownFileType = sourcecode.swift; path = WidgetDataProvider.swift; sourceTree = "<group>"; };
		D47B0EDEE3175ED1AEFB10AE /* DateHelper.swift */ = {isa = PBXFileReference; lastKnownFileType = sourcecode.swift; path = DateHelper.swift; sourceTree = "<group>"; };
		D5717457275C5239BF1D81EF /* Constants.swift */ = {isa = PBXFileReference; lastKnownFileType = sourcecode.swift; path = Constants.swift; sourceTree = "<group>"; };
		FB8F3D6B29F55878B31C606D /* EmptyStateView.swift */ = {isa = PBXFileReference; lastKnownFileType = sourcecode.swift; path = EmptyStateView.swift; sourceTree = "<group>"; };
		E0EB1886EBA857E789745978 /* TsugiIchi.app */ = {isa = PBXFileReference; explicitFileType = wrapper.application; includeInIndex = 0; path = TsugiIchi.app; sourceTree = BUILT_PRODUCTS_DIR; };
		9447B68C07A756C1AA1EAC99 /* TsugiIchiTests.xctest */ = {isa = PBXFileReference; explicitFileType = wrapper.cfbundle; includeInIndex = 0; path = TsugiIchiTests.xctest; sourceTree = BUILT_PRODUCTS_DIR; };
		E3C8FCB8EC2B5E709ACD8E54 /* ModelTests.swift */ = {isa = PBXFileReference; lastKnownFileType = sourcecode.swift; path = ModelTests.swift; sourceTree = "<group>"; };
		A6008C347D80505980DB8174 /* TemplateEngineTests.swift */ = {isa = PBXFileReference; lastKnownFileType = sourcecode.swift; path = TemplateEngineTests.swift; sourceTree = "<group>"; };
		533E02662A195F7293225DA9 /* DateHelperTests.swift */ = {isa = PBXFileReference; lastKnownFileType = sourcecode.swift; path = DateHelperTests.swift; sourceTree = "<group>"; };
		W2D2A2B2C2D2E2F202122232 /* TsugiIchiWidget.swift */ = {isa = PBXFileReference; lastKnownFileType = sourcecode.swift; path = TsugiIchiWidget.swift; sourceTree = "<group>"; };
		W4D4A4B4C4D4E4F404142434 /* TsugiIchiWidgetExtension.appex */ = {isa = PBXFileReference; explicitFileType = "wrapper.app-extension"; includeInIndex = 0; path = TsugiIchiWidgetExtension.appex; sourceTree = BUILT_PRODUCTS_DIR; };
/* End PBXFileReference section */

/* Begin PBXFrameworksBuildPhase section */
		2A445F0D715C575DBD183A61 /* Frameworks */ = {
			isa = PBXFrameworksBuildPhase;
			buildActionMask = 2147483647;
			files = (
			);
			runOnlyForDeploymentPostprocessing = 0;
		};
		466177B43B59587CAEDE9988 /* Frameworks */ = {
			isa = PBXFrameworksBuildPhase;
			buildActionMask = 2147483647;
			files = (
			);
			runOnlyForDeploymentPostprocessing = 0;
		};
		W7D7A7B7C7D7E7F707172737 /* Frameworks */ = {
			isa = PBXFrameworksBuildPhase;
			buildActionMask = 2147483647;
			files = (
			);
			runOnlyForDeploymentPostprocessing = 0;
		};
/* End PBXFrameworksBuildPhase section */

/* Begin PBXGroup section */
		5CA0B78FD70657BB919735B8 /*  */ = {
			isa = PBXGroup;
			children = (
				3DDED454EC2055889EF00E23 /* TsugiIchi */,
				W8D8A8B8C8D8E8F808182838 /* TsugiIchiWidget */,
				4AC352B1E5BA5134B5787BC7 /* TsugiIchiTests */,
				74A0C726C4125595A08146BF /* Products */,
			);
			sourceTree = "<group>";
		};
		W8D8A8B8C8D8E8F808182838 /* TsugiIchiWidget */ = {
			isa = PBXGroup;
			children = (
				W2D2A2B2C2D2E2F202122232 /* TsugiIchiWidget.swift */,
			);
			path = TsugiIchiWidget;
			sourceTree = "<group>";
		};
		3DDED454EC2055889EF00E23 /* TsugiIchi */ = {
			isa = PBXGroup;
			children = (
				BFF0159BC6EB5E818E6FC748 /* App */,
				F2558F6B53B35CCD887365CE /* Models */,
				CFBB99D416D754E68A9E9B1A /* Views */,
				58593C7BD77F5F2B9AE02A7E /* Services */,
				4CF9346E5B8A582C9955A7F3 /* Utilities */,
				1462DCEFD68E5EF79B010787 /* Resources */,
			);
			path = TsugiIchi;
			sourceTree = "<group>";
		};
		BFF0159BC6EB5E818E6FC748 /* App */ = {
			isa = PBXGroup;
			children = (
				B45269DBAF855F77B370FA9F /* TsugiIchiApp.swift */,
				DF5591825E88547D96BDA0BD /* ContentView.swift */,
				F2544218D65751BFB0CFCAEA /* Assets.xcassets */,
				789C2048B94653E589951124 /* Preview Content */,
			);
			path = App;
			sourceTree = "<group>";
		};
		789C2048B94653E589951124 /* Preview Content */ = {
			isa = PBXGroup;
			children = (
				ED2355BC68B75BC688B8F8BA /* Preview Assets.xcassets */,
			);
			path = "Preview Content";
			sourceTree = "<group>";
		};
		F2558F6B53B35CCD887365CE /* Models */ = {
			isa = PBXGroup;
			children = (
				859A253C696A555E8C53944D /* Goal.swift */,
				137A1BCEF2D35F97802D0063 /* Step.swift */,
				B0E69C6E7C6F566F8B15B3DD /* PlanSlot.swift */,
				0A3AE1F7819A5A1A85FF8941 /* ReviewLog.swift */,
				865488F2CA6E5AB58430178D /* AIModels.swift */,
			);
			path = Models;
			sourceTree = "<group>";
		};
		CFBB99D416D754E68A9E9B1A /* Views */ = {
			isa = PBXGroup;
			children = (
				ADA9937D54B75C9681A4D4B3 /* Backlog */,
				1FEBD63DD5A150CBABAEB824 /* Plan */,
				173F4EFE09D75A9285B458D9 /* Review */,
				AD93C88AACDA5983BF5422A3 /* Settings */,
				16D060DB2DBB525FA7671BF3 /* Components */,
				0D9AC5D505925ABCAC15E9AB /* Onboarding */,
				2C925C403BEB5980A1FD3CA3 /* AI */,
				9C21BE6D713C51CE86B42612 /* Dashboard */,
			);
			path = Views;
			sourceTree = "<group>";
		};
		ADA9937D54B75C9681A4D4B3 /* Backlog */ = {
			isa = PBXGroup;
			children = (
				974F922B063550B9A66C3550 /* BacklogTab.swift */,
				17D9FE9960135642B32CC08B /* GoalFormSheet.swift */,
				61EAF23CB3AB5C7EB86B7176 /* GoalDetailView.swift */,
			);
			path = Backlog;
			sourceTree = "<group>";
		};
		16D060DB2DBB525FA7671BF3 /* Components */ = {
			isa = PBXGroup;
			children = (
				FB8F3D6B29F55878B31C606D /* EmptyStateView.swift */,
				EAA5C7C41C72577B801A14EB /* GoalShareSheet.swift */,
			);
			path = Components;
			sourceTree = "<group>";
		};
		1FEBD63DD5A150CBABAEB824 /* Plan */ = {
			isa = PBXGroup;
			children = (
				9F132BA4CA435A019E980C80 /* PlanTab.swift */,
			);
			path = Plan;
			sourceTree = "<group>";
		};
		173F4EFE09D75A9285B458D9 /* Review */ = {
			isa = PBXGroup;
			children = (
				3E30C721C92555F38FD33974 /* ReviewTab.swift */,
			);
			path = Review;
			sourceTree = "<group>";
		};
		AD93C88AACDA5983BF5422A3 /* Settings */ = {
			isa = PBXGroup;
			children = (
				6056B073C5CB5BBABE7DC695 /* SettingsTab.swift */,
				B55B138D76D95CEA99F876F2 /* PaywallView.swift */,
			);
			path = Settings;
			sourceTree = "<group>";
		};
		0D9AC5D505925ABCAC15E9AB /* Onboarding */ = {
			isa = PBXGroup;
			children = (
				E4C08B6FC5995EE4AD0F6ED3 /* OnboardingView.swift */,
			);
			path = Onboarding;
			sourceTree = "<group>";
		};
		2C925C403BEB5980A1FD3CA3 /* AI */ = {
			isa = PBXGroup;
			children = (
				82ED74FBE23E54E1AB7C9F99 /* AIConsentView.swift */,
				27B03DA85C525A0FB3B222E6 /* AIStepSheet.swift */,
			);
			path = AI;
			sourceTree = "<group>";
		};
		9C21BE6D713C51CE86B42612 /* Dashboard */ = {
			isa = PBXGroup;
			children = (
				DAD1461BACD05BFC8F0E3D6B /* DashboardTab.swift */,
			);
			path = Dashboard;
			sourceTree = "<group>";
		};
		58593C7BD77F5F2B9AE02A7E /* Services */ = {
			isa = PBXGroup;
			children = (
				264E92D5005F5D4C8152606B /* TemplateEngine.swift */,
				4A0E2751D49B55FD94A3D275 /* NotificationManager.swift */,
				B77D3A937BA85313AA6AE0AB /* CSVExporter.swift */,
				B595347BDD5F58A48BA0DDC0 /* AIService.swift */,
				2C91C19BF2295CA481D0CEA6 /* Redactor.swift */,
				26ECCC1058A152A7A68BFFBD /* BillingManager.swift */,
				C629976CDB3F5063BC38A7E8 /* EntitlementStore.swift */,
				4408D9BE01285A6B93271FC4 /* CreditsStore.swift */,
				600BF6E0B62F5CA5871E98E1 /* CalendarService.swift */,
				C6132823D3985273826AE748 /* SubscriptionManager.swift */,
				B59AE7B97DA15F3295D36BC7 /* WidgetDataProvider.swift */,
			);
			path = Services;
			sourceTree = "<group>";
		};
		4CF9346E5B8A582C9955A7F3 /* Utilities */ = {
			isa = PBXGroup;
			children = (
				D47B0EDEE3175ED1AEFB10AE /* DateHelper.swift */,
				D5717457275C5239BF1D81EF /* Constants.swift */,
				1564DBE9558B5C5A8911336D /* ClientId.swift */,
			);
			path = Utilities;
			sourceTree = "<group>";
		};
		1462DCEFD68E5EF79B010787 /* Resources */ = {
			isa = PBXGroup;
			children = (
				7594481928345897843B10D8 /* Localizable.xcstrings */,
			);
			path = Resources;
			sourceTree = "<group>";
		};
		4AC352B1E5BA5134B5787BC7 /* TsugiIchiTests */ = {
			isa = PBXGroup;
			children = (
				E3C8FCB8EC2B5E709ACD8E54 /* ModelTests.swift */,
				A6008C347D80505980DB8174 /* TemplateEngineTests.swift */,
				533E02662A195F7293225DA9 /* DateHelperTests.swift */,
			);
			path = TsugiIchiTests;
			sourceTree = "<group>";
		};
		74A0C726C4125595A08146BF /* Products */ = {
			isa = PBXGroup;
			children = (
				E0EB1886EBA857E789745978 /* TsugiIchi.app */,
				W4D4A4B4C4D4E4F404142434 /* TsugiIchiWidgetExtension.appex */,
				9447B68C07A756C1AA1EAC99 /* TsugiIchiTests.xctest */,
			);
			name = Products;
			sourceTree = "<group>";
		};
/* End PBXGroup section */

/* Begin PBXNativeTarget section */
		ED8C2EAAFCDC53CB870DBD69 /* TsugiIchi */ = {
			isa = PBXNativeTarget;
			buildConfigurationList = 4528D126F89A512FAEEB5BFC /* Build configuration list for PBXNativeTarget "TsugiIchi" */;
			buildPhases = (
				B6EF0635906258C3A7487819 /* Sources */,
				2A445F0D715C575DBD183A61 /* Frameworks */,
				8493FE7CD9E3573FB2CA3F94 /* Resources */,
				WADAAABACAADAEAFA0A1A2A3 /* Embed App Extensions */,
			);
			buildRules = (
			);
			dependencies = (
				WBDBBABBCBBDBEBFB0B1B2B3 /* PBXTargetDependency */,
			);
			name = TsugiIchi;
			productName = TsugiIchi;
			productReference = E0EB1886EBA857E789745978 /* TsugiIchi.app */;
			productType = "com.apple.product-type.application";
		};
		C2C4441AFCF95D0AAC074F5F /* TsugiIchiTests */ = {
			isa = PBXNativeTarget;
			buildConfigurationList = 8A21A182A3985E3C8FEA5625 /* Build configuration list for PBXNativeTarget "TsugiIchiTests" */;
			buildPhases = (
				1FD212BFCCE15B76ACA55591 /* Sources */,
				466177B43B59587CAEDE9988 /* Frameworks */,
				DB071D9B1F885E96A3B4F762 /* Resources */,
			);
			buildRules = (
			);
			dependencies = (
				BEF387994DD653169B612A89 /* PBXTargetDependency */,
			);
			name = TsugiIchiTests;
			productName = TsugiIchiTests;
			productReference = 9447B68C07A756C1AA1EAC99 /* TsugiIchiTests.xctest */;
			productType = "com.apple.product-type.bundle.unit-test";
		};
		W6D6A6B6C6D6E6F606162636 /* TsugiIchiWidgetExtension */ = {
			isa = PBXNativeTarget;
			buildConfigurationList = WCDCACBCCCDDCECFC0C1C2C3 /* Build configuration list for PBXNativeTarget "TsugiIchiWidgetExtension" */;
			buildPhases = (
				W9D9A9B9C9D9E9F909192939 /* Sources */,
				W7D7A7B7C7D7E7F707172737 /* Frameworks */,
				WEDEAEBECEDEEEFE0E1E2E3 /* Resources */,
			);
			buildRules = (
			);
			dependencies = (
			);
			name = TsugiIchiWidgetExtension;
			productName = TsugiIchiWidgetExtension;
			productReference = W4D4A4B4C4D4E4F404142434 /* TsugiIchiWidgetExtension.appex */;
			productType = "com.apple.product-type.app-extension";
		};
/* End PBXNativeTarget section */

/* Begin PBXProject section */
		30C3DAC6571F5D478AF3B7EF /* Project object */ = {
			isa = PBXProject;
			attributes = {
				BuildIndependentTargetsInParallel = 1;
				LastSwiftUpdateCheck = 1520;
				LastUpgradeCheck = 1520;
				TargetAttributes = {
					ED8C2EAAFCDC53CB870DBD69 = {
						CreatedOnToolsVersion = 15.2;
					};
					C2C4441AFCF95D0AAC074F5F = {
						CreatedOnToolsVersion = 15.2;
						TestTargetID = ED8C2EAAFCDC53CB870DBD69;
					};
					W6D6A6B6C6D6E6F606162636 = {
						CreatedOnToolsVersion = 15.2;
					};
				};
			};
			buildConfigurationList = ABD4E9C3C89C5B05AEEE42F3 /* Build configuration list for PBXProject "TsugiIchi" */;
			compatibilityVersion = "Xcode 14.0";
			developmentRegion = ja;
			hasScannedForEncodings = 0;
			knownRegions = (
				ja,
				en,
				zh-Hans,
				ko,
				es,
				fr,
				de,
				Base,
			);
			mainGroup = 5CA0B78FD70657BB919735B8;
			productRefGroup = 74A0C726C4125595A08146BF /* Products */;
			projectDirPath = "";
			projectRoot = "";
			targets = (
				ED8C2EAAFCDC53CB870DBD69 /* TsugiIchi */,
				W6D6A6B6C6D6E6F606162636 /* TsugiIchiWidgetExtension */,
				C2C4441AFCF95D0AAC074F5F /* TsugiIchiTests */,
			);
		};
/* End PBXProject section */

/* Begin PBXCopyFilesBuildPhase section */
		WADAAABACAADAEAFA0A1A2A3 /* Embed App Extensions */ = {
			isa = PBXCopyFilesBuildPhase;
			buildActionMask = 2147483647;
			dstPath = "";
			dstSubfolderSpec = 13;
			files = (
				W3D3A3B3C3D3E3F303132333 /* TsugiIchiWidgetExtension.appex in Embed App Extensions */,
			);
			name = "Embed App Extensions";
			runOnlyForDeploymentPostprocessing = 0;
		};
/* End PBXCopyFilesBuildPhase section */

/* Begin PBXResourcesBuildPhase section */
		8493FE7CD9E3573FB2CA3F94 /* Resources */ = {
			isa = PBXResourcesBuildPhase;
			buildActionMask = 2147483647;
			files = (
				C6DD360D988859EEA8484941 /* Assets.xcassets in Resources */,
				DD53EF76402353E299C64529 /* Localizable.xcstrings in Resources */,
			);
			runOnlyForDeploymentPostprocessing = 0;
		};
		DB071D9B1F885E96A3B4F762 /* Resources */ = {
			isa = PBXResourcesBuildPhase;
			buildActionMask = 2147483647;
			files = (
			);
			runOnlyForDeploymentPostprocessing = 0;
		};
		WEDEAEBECEDEEEFE0E1E2E3 /* Resources */ = {
			isa = PBXResourcesBuildPhase;
			buildActionMask = 2147483647;
			files = (
			);
			runOnlyForDeploymentPostprocessing = 0;
		};
/* End PBXResourcesBuildPhase section */

/* Begin PBXSourcesBuildPhase section */
		B6EF0635906258C3A7487819 /* Sources */ = {
			isa = PBXSourcesBuildPhase;
			buildActionMask = 2147483647;
			files = (
				E8A999D113EE5082B383FD16 /* TsugiIchiApp.swift in Sources */,
				E649D7A58CF05BEEA23952CB /* ContentView.swift in Sources */,
				254D3E6A1349539F8E093866 /* Goal.swift in Sources */,
				2F45D7D703115D1695171A86 /* Step.swift in Sources */,
				F09357D3125B5DE38C13D761 /* PlanSlot.swift in Sources */,
				79ECA76EDDBF5E37A332EC1B /* ReviewLog.swift in Sources */,
				539A3C06E77C597E8C3BA38E /* BacklogTab.swift in Sources */,
				020770EC578F5E3B9286FCE8 /* GoalFormSheet.swift in Sources */,
				EBAF841935CC509FB26E6083 /* GoalDetailView.swift in Sources */,
				4AA89418755F540A8D57ACBD /* PlanTab.swift in Sources */,
				EF069562F8B754BA8C3BCF6F /* ReviewTab.swift in Sources */,
				042A4299B36C51778C47E62B /* SettingsTab.swift in Sources */,
				C977D00BBFAF5E189593DACC /* TemplateEngine.swift in Sources */,
				619CE24778765C44BC063695 /* NotificationManager.swift in Sources */,
				06AC1B5E03E55801B7A83C3A /* CSVExporter.swift in Sources */,
				8D6F76971A3E5160BA2682C7 /* DateHelper.swift in Sources */,
				5437A5853D9D52F08B839CD2 /* Constants.swift in Sources */,
				3012AD4A8CAF590A842072C1 /* EmptyStateView.swift in Sources */,
				529C9F4049665AC9BC3D2821 /* OnboardingView.swift in Sources */,
				B16068CDE0685519A7E59BDB /* AIModels.swift in Sources */,
				1AA96E9E45235F228303B9A4 /* AIService.swift in Sources */,
				E1BD4BFA0061587BBA4CE8EB /* Redactor.swift in Sources */,
				6D3D94C691775E6C8A0492F9 /* AIConsentView.swift in Sources */,
				DAC9D859E2A9559DB12DBDF0 /* AIStepSheet.swift in Sources */,
				FE9F67980E4950A69A3E7844 /* BillingManager.swift in Sources */,
				AEE55189B34E5A6FA894AE8A /* EntitlementStore.swift in Sources */,
				7018FAF9EADB5B61A834DD2D /* CreditsStore.swift in Sources */,
				CA773EE9F11F509FAB5FF90F /* ClientId.swift in Sources */,
				C5B893AFBC6B50B59F0871B5 /* PaywallView.swift in Sources */,
				D98DB7EF92E7519D996B29AC /* CalendarService.swift in Sources */,
				33BBA98D75ED5430A75F4890 /* SubscriptionManager.swift in Sources */,
				086CAA2B6F545B949679E1EE /* DashboardTab.swift in Sources */,
				9D8C02EE60A4506DB681D1BA /* GoalShareSheet.swift in Sources */,
				863C683B1397596180DF106F /* WidgetDataProvider.swift in Sources */,
			);
			runOnlyForDeploymentPostprocessing = 0;
		};
		1FD212BFCCE15B76ACA55591 /* Sources */ = {
			isa = PBXSourcesBuildPhase;
			buildActionMask = 2147483647;
			files = (
				D51A5EDD3CFE593AA4A33CBA /* ModelTests.swift in Sources */,
				4D7427777CA25DE8AA0B0AEF /* TemplateEngineTests.swift in Sources */,
				2761F5B8F7E850938CC0B276 /* DateHelperTests.swift in Sources */,
			);
			runOnlyForDeploymentPostprocessing = 0;
		};
		W9D9A9B9C9D9E9F909192939 /* Sources */ = {
			isa = PBXSourcesBuildPhase;
			buildActionMask = 2147483647;
			files = (
				W1D1A1B1C1D1E1F101112131 /* TsugiIchiWidget.swift in Sources */,
			);
			runOnlyForDeploymentPostprocessing = 0;
		};
/* End PBXSourcesBuildPhase section */

/* Begin PBXTargetDependency section */
		BEF387994DD653169B612A89 /* PBXTargetDependency */ = {
			isa = PBXTargetDependency;
			target = ED8C2EAAFCDC53CB870DBD69 /* TsugiIchi */;
			targetProxy = F9AEC51AFC0E59CAB60EBA83 /* PBXContainerItemProxy */;
		};
		WBDBBABBCBBDBEBFB0B1B2B3 /* PBXTargetDependency */ = {
			isa = PBXTargetDependency;
			target = W6D6A6B6C6D6E6F606162636 /* TsugiIchiWidgetExtension */;
			targetProxy = W5D5A5B5C5D5E5F505152535 /* PBXContainerItemProxy */;
		};
/* End PBXTargetDependency section */

/* Begin XCBuildConfiguration section */
		A774F536FDDC50E1A05A5A9C /* Debug */ = {
			isa = XCBuildConfiguration;
			buildSettings = {
				ALWAYS_SEARCH_USER_PATHS = NO;
				ASYNCHRONOUS_SYMBOL_CREATION = YES;
				CLANG_ANALYZER_NONNULL = YES;
				CLANG_ANALYZER_NUMBER_OBJECT_CONVERSION = YES_AGGRESSIVE;
				CLANG_CXX_LANGUAGE_STANDARD = "gnu++20";
				CLANG_ENABLE_MODULES = YES;
				CLANG_ENABLE_OBJC_ARC = YES;
				CLANG_ENABLE_OBJC_WEAK = YES;
				CLANG_WARN_BLOCK_CAPTURE_AUTORELEASING = YES;
				CLANG_WARN_BOOL_CONVERSION = YES;
				CLANG_WARN_COMMA = YES;
				CLANG_WARN_CONSTANT_CONVERSION = YES;
				CLANG_WARN_DEPRECATED_OBJC_IMPLEMENTATIONS = YES;
				CLANG_WARN_DIRECT_OBJC_ISA_USAGE = YES_ERROR;
				CLANG_WARN_DOCUMENTATION_COMMENTS = YES;
				CLANG_WARN_EMPTY_BODY = YES;
				CLANG_WARN_ENUM_CONVERSION = YES;
				CLANG_WARN_INFINITE_RECURSION = YES;
				CLANG_WARN_INT_CONVERSION = YES;
				CLANG_WARN_NON_LITERAL_NULL_CONVERSION = YES;
				CLANG_WARN_OBJC_IMPLICIT_RETAIN_SELF = YES;
				CLANG_WARN_OBJC_LITERAL_CONVERSION = YES;
				CLANG_WARN_OBJC_ROOT_CLASS = YES_ERROR;
				CLANG_WARN_QUOTED_INCLUDE_IN_FRAMEWORK_HEADER = YES;
				CLANG_WARN_RANGE_LOOP_ANALYSIS = YES;
				CLANG_WARN_STRICT_PROTOTYPES = YES;
				CLANG_WARN_SUSPICIOUS_MOVE = YES;
				CLANG_WARN_UNGUARDED_AVAILABILITY = YES_AGGRESSIVE;
				CLANG_WARN_UNREACHABLE_CODE = YES;
				CLANG_WARN__DUPLICATE_METHOD_MATCH = YES;
				COPY_PHASE_STRIP = NO;
				ENABLE_STRICT_OBJC_MSGSEND = YES;
				ENABLE_USER_SCRIPT_SANDBOXING = YES;
				GCC_C_LANGUAGE_STANDARD = gnu17;
				GCC_NO_COMMON_BLOCKS = YES;
				GCC_WARN_64_TO_32_BIT_CONVERSION = YES;
				GCC_WARN_ABOUT_RETURN_TYPE = YES_ERROR;
				GCC_WARN_UNDECLARED_SELECTOR = YES;
				GCC_WARN_UNINITIALIZED_AUTOS = YES_AGGRESSIVE;
				GCC_WARN_UNUSED_FUNCTION = YES;
				GCC_WARN_UNUSED_VARIABLE = YES;
				IPHONEOS_DEPLOYMENT_TARGET = 17.0;
				LOCALIZATION_PREFERS_STRING_CATALOGS = YES;
				MTL_FAST_MATH = YES;
				SDKROOT = iphoneos;
				DEBUG_INFORMATION_FORMAT = dwarf;
				ENABLE_TESTABILITY = YES;
				GCC_DYNAMIC_NO_PIC = NO;
				GCC_OPTIMIZATION_LEVEL = 0;
				GCC_PREPROCESSOR_DEFINITIONS = (
					"DEBUG=1",
					"$(inherited)",
				);
				MTL_ENABLE_DEBUG_INFO = INCLUDE_SOURCE;
				ONLY_ACTIVE_ARCH = YES;
				SWIFT_ACTIVE_COMPILATION_CONDITIONS = "DEBUG $(inherited)";
				SWIFT_OPTIMIZATION_LEVEL = "-Onone";
			};
			name = Debug;
		};
		2C016B311C1E59E4BBEDC2F0 /* Release */ = {
			isa = XCBuildConfiguration;
			buildSettings = {
				ALWAYS_SEARCH_USER_PATHS = NO;
				ASYNCHRONOUS_SYMBOL_CREATION = YES;
				CLANG_ANALYZER_NONNULL = YES;
				CLANG_ANALYZER_NUMBER_OBJECT_CONVERSION = YES_AGGRESSIVE;
				CLANG_CXX_LANGUAGE_STANDARD = "gnu++20";
				CLANG_ENABLE_MODULES = YES;
				CLANG_ENABLE_OBJC_ARC = YES;
				CLANG_ENABLE_OBJC_WEAK = YES;
				CLANG_WARN_BLOCK_CAPTURE_AUTORELEASING = YES;
				CLANG_WARN_BOOL_CONVERSION = YES;
				CLANG_WARN_COMMA = YES;
				CLANG_WARN_CONSTANT_CONVERSION = YES;
				CLANG_WARN_DEPRECATED_OBJC_IMPLEMENTATIONS = YES;
				CLANG_WARN_DIRECT_OBJC_ISA_USAGE = YES_ERROR;
				CLANG_WARN_DOCUMENTATION_COMMENTS = YES;
				CLANG_WARN_EMPTY_BODY = YES;
				CLANG_WARN_ENUM_CONVERSION = YES;
				CLANG_WARN_INFINITE_RECURSION = YES;
				CLANG_WARN_INT_CONVERSION = YES;
				CLANG_WARN_NON_LITERAL_NULL_CONVERSION = YES;
				CLANG_WARN_OBJC_IMPLICIT_RETAIN_SELF = YES;
				CLANG_WARN_OBJC_LITERAL_CONVERSION = YES;
				CLANG_WARN_OBJC_ROOT_CLASS = YES_ERROR;
				CLANG_WARN_QUOTED_INCLUDE_IN_FRAMEWORK_HEADER = YES;
				CLANG_WARN_RANGE_LOOP_ANALYSIS = YES;
				CLANG_WARN_STRICT_PROTOTYPES = YES;
				CLANG_WARN_SUSPICIOUS_MOVE = YES;
				CLANG_WARN_UNGUARDED_AVAILABILITY = YES_AGGRESSIVE;
				CLANG_WARN_UNREACHABLE_CODE = YES;
				CLANG_WARN__DUPLICATE_METHOD_MATCH = YES;
				COPY_PHASE_STRIP = NO;
				ENABLE_STRICT_OBJC_MSGSEND = YES;
				ENABLE_USER_SCRIPT_SANDBOXING = YES;
				GCC_C_LANGUAGE_STANDARD = gnu17;
				GCC_NO_COMMON_BLOCKS = YES;
				GCC_WARN_64_TO_32_BIT_CONVERSION = YES;
				GCC_WARN_ABOUT_RETURN_TYPE = YES_ERROR;
				GCC_WARN_UNDECLARED_SELECTOR = YES;
				GCC_WARN_UNINITIALIZED_AUTOS = YES_AGGRESSIVE;
				GCC_WARN_UNUSED_FUNCTION = YES;
				GCC_WARN_UNUSED_VARIABLE = YES;
				IPHONEOS_DEPLOYMENT_TARGET = 17.0;
				LOCALIZATION_PREFERS_STRING_CATALOGS = YES;
				MTL_FAST_MATH = YES;
				SDKROOT = iphoneos;
				DEBUG_INFORMATION_FORMAT = "dwarf-with-dsym";
				ENABLE_NS_ASSERTIONS = NO;
				MTL_ENABLE_DEBUG_INFO = NO;
				SWIFT_COMPILATION_MODE = wholemodule;
				VALIDATE_PRODUCT = YES;
			};
			name = Release;
		};
		4FD89885B1965F62AFF36E99 /* Debug */ = {
			isa = XCBuildConfiguration;
			buildSettings = {
				ASSETCATALOG_COMPILER_APPICON_NAME = AppIcon;
				ASSETCATALOG_COMPILER_GLOBAL_ACCENT_COLOR_NAME = AccentColor;
				INFOPLIST_KEY_CFBundleIconName = AppIcon;
				CODE_SIGN_STYLE = Automatic;
				CURRENT_PROJECT_VERSION = 1;
				DEVELOPMENT_ASSET_PATHS = "\"TsugiIchi/App/Preview Content\"";
				ENABLE_PREVIEWS = YES;
				GENERATE_INFOPLIST_FILE = YES;
				"INFOPLIST_KEY_CFBundleDisplayName" = "\U30c4\U30ae\U30a4\U30c1";
				INFOPLIST_KEY_UIApplicationSceneManifest_Generation = YES;
				INFOPLIST_KEY_UIApplicationSupportsIndirectInputEvents = YES;
				INFOPLIST_KEY_UILaunchScreen_Generation = YES;
				"INFOPLIST_KEY_UISupportedInterfaceOrientations_iPad" = "UIInterfaceOrientationPortrait UIInterfaceOrientationPortraitUpsideDown UIInterfaceOrientationLandscapeLeft UIInterfaceOrientationLandscapeRight";
				"INFOPLIST_KEY_UISupportedInterfaceOrientations_iPhone" = "UIInterfaceOrientationPortrait UIInterfaceOrientationLandscapeLeft UIInterfaceOrientationLandscapeRight";
				INFOPLIST_KEY_NSCalendarsUsageDescription = "\U30c4\U30ae\U30a4\U30c1\U306f\U3001\U30d7\U30e9\U30f3\U306e\U30b9\U30c6\U30c3\U30d7\U3092\U30ab\U30ec\U30f3\U30c0\U30fc\U306b\U540c\U671f\U3059\U308b\U305f\U3081\U306b\U30ab\U30ec\U30f3\U30c0\U30fc\U3078\U306e\U30a2\U30af\U30bb\U30b9\U304c\U5fc5\U8981\U3067\U3059\U3002";
				MARKETING_VERSION = 1.0;
				PRODUCT_BUNDLE_IDENTIFIER = com.ynlabs.tsugiichi;
				"PRODUCT_NAME" = "$(TARGET_NAME)";
				SWIFT_EMIT_LOC_STRINGS = YES;
				SWIFT_VERSION = 5.0;
				"TARGETED_DEVICE_FAMILY" = "1,2";
				LD_RUNPATH_SEARCH_PATHS = (
					"$(inherited)",
					"@executable_path/Frameworks",
				);
			};
			name = Debug;
		};
		7A7B0366B5EE5ADD8EC7F9C1 /* Release */ = {
			isa = XCBuildConfiguration;
			buildSettings = {
				ASSETCATALOG_COMPILER_APPICON_NAME = AppIcon;
				ASSETCATALOG_COMPILER_GLOBAL_ACCENT_COLOR_NAME = AccentColor;
				INFOPLIST_KEY_CFBundleIconName = AppIcon;
				CODE_SIGN_STYLE = Automatic;
				CURRENT_PROJECT_VERSION = 1;
				DEVELOPMENT_ASSET_PATHS = "\"TsugiIchi/App/Preview Content\"";
				ENABLE_PREVIEWS = YES;
				GENERATE_INFOPLIST_FILE = YES;
				"INFOPLIST_KEY_CFBundleDisplayName" = "\U30c4\U30ae\U30a4\U30c1";
				INFOPLIST_KEY_UIApplicationSceneManifest_Generation = YES;
				INFOPLIST_KEY_UIApplicationSupportsIndirectInputEvents = YES;
				INFOPLIST_KEY_UILaunchScreen_Generation = YES;
				"INFOPLIST_KEY_UISupportedInterfaceOrientations_iPad" = "UIInterfaceOrientationPortrait UIInterfaceOrientationPortraitUpsideDown UIInterfaceOrientationLandscapeLeft UIInterfaceOrientationLandscapeRight";
				"INFOPLIST_KEY_UISupportedInterfaceOrientations_iPhone" = "UIInterfaceOrientationPortrait UIInterfaceOrientationLandscapeLeft UIInterfaceOrientationLandscapeRight";
				INFOPLIST_KEY_NSCalendarsUsageDescription = "\U30c4\U30ae\U30a4\U30c1\U306f\U3001\U30d7\U30e9\U30f3\U306e\U30b9\U30c6\U30c3\U30d7\U3092\U30ab\U30ec\U30f3\U30c0\U30fc\U306b\U540c\U671f\U3059\U308b\U305f\U3081\U306b\U30ab\U30ec\U30f3\U30c0\U30fc\U3078\U306e\U30a2\U30af\U30bb\U30b9\U304c\U5fc5\U8981\U3067\U3059\U3002";
				MARKETING_VERSION = 1.0;
				PRODUCT_BUNDLE_IDENTIFIER = com.ynlabs.tsugiichi;
				"PRODUCT_NAME" = "$(TARGET_NAME)";
				SWIFT_EMIT_LOC_STRINGS = YES;
				SWIFT_VERSION = 5.0;
				"TARGETED_DEVICE_FAMILY" = "1,2";
				LD_RUNPATH_SEARCH_PATHS = (
					"$(inherited)",
					"@executable_path/Frameworks",
				);
			};
			name = Release;
		};
		7F09C5DA196D535AA164EF71 /* Debug */ = {
			isa = XCBuildConfiguration;
			buildSettings = {
				"BUNDLE_LOADER" = "$(TEST_HOST)";
				CODE_SIGN_STYLE = Automatic;
				CURRENT_PROJECT_VERSION = 1;
				GENERATE_INFOPLIST_FILE = YES;
				IPHONEOS_DEPLOYMENT_TARGET = 17.0;
				MARKETING_VERSION = 1.0;
				PRODUCT_BUNDLE_IDENTIFIER = com.ynlabs.TsugiIchiTests;
				"PRODUCT_NAME" = "$(TARGET_NAME)";
				SWIFT_EMIT_LOC_STRINGS = NO;
				SWIFT_VERSION = 5.0;
				"TARGETED_DEVICE_FAMILY" = "1,2";
				"TEST_HOST" = "$(BUILT_PRODUCTS_DIR)/TsugiIchi.app/$(BUNDLE_EXECUTABLE_FOLDER_PATH)/TsugiIchi";
				LD_RUNPATH_SEARCH_PATHS = (
					"$(inherited)",
					"@executable_path/Frameworks",
					"@loader_path/Frameworks",
				);
			};
			name = Debug;
		};
		3D6218CED40A53FCB7C70284 /* Release */ = {
			isa = XCBuildConfiguration;
			buildSettings = {
				"BUNDLE_LOADER" = "$(TEST_HOST)";
				CODE_SIGN_STYLE = Automatic;
				CURRENT_PROJECT_VERSION = 1;
				GENERATE_INFOPLIST_FILE = YES;
				IPHONEOS_DEPLOYMENT_TARGET = 17.0;
				MARKETING_VERSION = 1.0;
				PRODUCT_BUNDLE_IDENTIFIER = com.ynlabs.TsugiIchiTests;
				"PRODUCT_NAME" = "$(TARGET_NAME)";
				SWIFT_EMIT_LOC_STRINGS = NO;
				SWIFT_VERSION = 5.0;
				"TARGETED_DEVICE_FAMILY" = "1,2";
				"TEST_HOST" = "$(BUILT_PRODUCTS_DIR)/TsugiIchi.app/$(BUNDLE_EXECUTABLE_FOLDER_PATH)/TsugiIchi";
				LD_RUNPATH_SEARCH_PATHS = (
					"$(inherited)",
					"@executable_path/Frameworks",
					"@loader_path/Frameworks",
				);
			};
			name = Release;
		};
		WFDFAFBFCFDFEFFF0F1F2F3 /* Debug */ = {
			isa = XCBuildConfiguration;
			buildSettings = {
				CODE_SIGN_STYLE = Automatic;
				CURRENT_PROJECT_VERSION = 1;
				GENERATE_INFOPLIST_FILE = YES;
				INFOPLIST_KEY_CFBundleDisplayName = TsugiIchiWidget;
				INFOPLIST_KEY_NSHumanReadableCopyright = "";
				IPHONEOS_DEPLOYMENT_TARGET = 17.0;
				MARKETING_VERSION = 1.0;
				PRODUCT_BUNDLE_IDENTIFIER = com.ynlabs.tsugiichi.widget;
				"PRODUCT_NAME" = "$(TARGET_NAME)";
				SKIP_INSTALL = YES;
				SWIFT_EMIT_LOC_STRINGS = YES;
				SWIFT_VERSION = 5.0;
				"TARGETED_DEVICE_FAMILY" = "1,2";
				LD_RUNPATH_SEARCH_PATHS = (
					"$(inherited)",
					"@executable_path/Frameworks",
					"@executable_path/../../Frameworks",
				);
			};
			name = Debug;
		};
		WGDGAGBGCGDGEGFG0G1G2G3 /* Release */ = {
			isa = XCBuildConfiguration;
			buildSettings = {
				CODE_SIGN_STYLE = Automatic;
				CURRENT_PROJECT_VERSION = 1;
				GENERATE_INFOPLIST_FILE = YES;
				INFOPLIST_KEY_CFBundleDisplayName = TsugiIchiWidget;
				INFOPLIST_KEY_NSHumanReadableCopyright = "";
				IPHONEOS_DEPLOYMENT_TARGET = 17.0;
				MARKETING_VERSION = 1.0;
				PRODUCT_BUNDLE_IDENTIFIER = com.ynlabs.tsugiichi.widget;
				"PRODUCT_NAME" = "$(TARGET_NAME)";
				SKIP_INSTALL = YES;
				SWIFT_EMIT_LOC_STRINGS = YES;
				SWIFT_VERSION = 5.0;
				"TARGETED_DEVICE_FAMILY" = "1,2";
				LD_RUNPATH_SEARCH_PATHS = (
					"$(inherited)",
					"@executable_path/Frameworks",
					"@executable_path/../../Frameworks",
				);
			};
			name = Release;
		};
/* End XCBuildConfiguration section */

/* Begin XCConfigurationList section */
		ABD4E9C3C89C5B05AEEE42F3 /* Build configuration list for PBXProject "TsugiIchi" */ = {
			isa = XCConfigurationList;
			buildConfigurations = (
				A774F536FDDC50E1A05A5A9C /* Debug */,
				2C016B311C1E59E4BBEDC2F0 /* Release */,
			);
			defaultConfigurationIsVisible = 0;
			defaultConfigurationName = Release;
		};
		4528D126F89A512FAEEB5BFC /* Build configuration list for PBXNativeTarget "TsugiIchi" */ = {
			isa = XCConfigurationList;
			buildConfigurations = (
				4FD89885B1965F62AFF36E99 /* Debug */,
				7A7B0366B5EE5ADD8EC7F9C1 /* Release */,
			);
			defaultConfigurationIsVisible = 0;
			defaultConfigurationName = Release;
		};
		8A21A182A3985E3C8FEA5625 /* Build configuration list for PBXNativeTarget "TsugiIchiTests" */ = {
			isa = XCConfigurationList;
			buildConfigurations = (
				7F09C5DA196D535AA164EF71 /* Debug */,
				3D6218CED40A53FCB7C70284 /* Release */,
			);
			defaultConfigurationIsVisible = 0;
			defaultConfigurationName = Release;
		};
		WCDCACBCCCDDCECFC0C1C2C3 /* Build configuration list for PBXNativeTarget "TsugiIchiWidgetExtension" */ = {
			isa = XCConfigurationList;
			buildConfigurations = (
				WFDFAFBFCFDFEFFF0F1F2F3 /* Debug */,
				WGDGAGBGCGDGEGFG0G1G2G3 /* Release */,
			);
			defaultConfigurationIsVisible = 0;
			defaultConfigurationName = Release;
		};
/* End XCConfigurationList section */
	};
	rootObject = 30C3DAC6571F5D478AF3B7EF /* Project object */;
}
